
Microsoft Visual Studio Solution File, Format Version 12.00
# Visual Studio Version 16
VisualStudioVersion = 16.0.809.8
MinimumVisualStudioVersion = 10.0.40219.1
Project("{FAE04EC0-301F-11D3-BF4B-00C04F79EFBC}") = "OOP20-GooseGame-Domi", "OOP20-GooseGame-Domi\OOP20-GooseGame-Domi.csproj", "{AE6C046C-A7E7-4736-9B39-433F6AEB034F}"
EndProject
Global
	GlobalSection(SolutionConfigurationPlatforms) = preSolution
		Debug|Any CPU = Debug|Any CPU
		Release|Any CPU = Release|Any CPU
	EndGlobalSection
	GlobalSection(ProjectConfigurationPlatforms) = postSolution
		{AE6C046C-A7E7-4736-9B39-433F6AEB034F}.Debug|Any CPU.ActiveCfg = Debug|Any CPU
		{AE6C046C-A7E7-4736-9B39-433F6AEB034F}.Debug|Any CPU.Build.0 = Debug|Any CPU
		{AE6C046C-A7E7-4736-9B39-433F6AEB034F}.Release|Any CPU.ActiveCfg = Release|Any CPU
		{AE6C046C-A7E7-4736-9B39-433F6AEB034F}.Release|Any CPU.Build.0 = Release|Any CPU
	EndGlobalSection
	GlobalSection(SolutionProperties) = preSolution
		HideSolutionNode = FALSE
	EndGlobalSection
	GlobalSection(ExtensibilityGlobals) = postSolution
		SolutionGuid = {1E588AAD-963A-4A6F-B4A8-785ECFB0F0F3}
	EndGlobalSection
EndGlobal
